
Microsoft Visual Studio Solution File, Format Version 12.00
# Visual Studio Version 17
VisualStudioVersion = 17.9.34728.123
MinimumVisualStudioVersion = 10.0.40219.1
Project("{FAE04EC0-301F-11D3-BF4B-00C04F79EFBC}") = "POC_MassTransit.API", "POC_MassTransit.API\POC_MassTransit.API.csproj", "{DB7A0CA9-93FC-4A9E-9FD5-820FF39926FD}"
EndProject
Project("{E53339B2-1760-4266-BCC7-CA923CBCF16C}") = "docker-compose", "docker-compose.dcproj", "{686B20F6-8C8E-4460-9B1B-CAE4817B5CC3}"
EndProject
Project("{FAE04EC0-301F-11D3-BF4B-00C04F79EFBC}") = "POC_MassTransit.Domain", "POC_MassTransit.Domain\POC_MassTransit.Domain.csproj", "{3ECE5F3E-7A66-4C0A-8739-63FD33E37C23}"
EndProject
Project("{FAE04EC0-301F-11D3-BF4B-00C04F79EFBC}") = "POC_MassTransit.Application", "POC_MassTransit.Application\POC_MassTransit.Application.csproj", "{2EE99352-9664-4912-A65A-B1780B89A2DB}"
EndProject
Project("{FAE04EC0-301F-11D3-BF4B-00C04F79EFBC}") = "POC_MassTransit.Infrastructure", "POC_MassTransit.Infrastructure\POC_MassTransit.Infrastructure.csproj", "{07369C9D-9BA4-4419-A3A4-3B9E11654ADA}"
EndProject
Global
	GlobalSection(SolutionConfigurationPlatforms) = preSolution
		Debug|Any CPU = Debug|Any CPU
		Release|Any CPU = Release|Any CPU
	EndGlobalSection
	GlobalSection(ProjectConfigurationPlatforms) = postSolution
		{DB7A0CA9-93FC-4A9E-9FD5-820FF39926FD}.Debug|Any CPU.ActiveCfg = Debug|Any CPU
		{DB7A0CA9-93FC-4A9E-9FD5-820FF39926FD}.Debug|Any CPU.Build.0 = Debug|Any CPU
		{DB7A0CA9-93FC-4A9E-9FD5-820FF39926FD}.Release|Any CPU.ActiveCfg = Release|Any CPU
		{DB7A0CA9-93FC-4A9E-9FD5-820FF39926FD}.Release|Any CPU.Build.0 = Release|Any CPU
		{686B20F6-8C8E-4460-9B1B-CAE4817B5CC3}.Debug|Any CPU.ActiveCfg = Debug|Any CPU
		{686B20F6-8C8E-4460-9B1B-CAE4817B5CC3}.Debug|Any CPU.Build.0 = Debug|Any CPU
		{686B20F6-8C8E-4460-9B1B-CAE4817B5CC3}.Release|Any CPU.ActiveCfg = Release|Any CPU
		{686B20F6-8C8E-4460-9B1B-CAE4817B5CC3}.Release|Any CPU.Build.0 = Release|Any CPU
		{3ECE5F3E-7A66-4C0A-8739-63FD33E37C23}.Debug|Any CPU.ActiveCfg = Debug|Any CPU
		{3ECE5F3E-7A66-4C0A-8739-63FD33E37C23}.Debug|Any CPU.Build.0 = Debug|Any CPU
		{3ECE5F3E-7A66-4C0A-8739-63FD33E37C23}.Release|Any CPU.ActiveCfg = Release|Any CPU
		{3ECE5F3E-7A66-4C0A-8739-63FD33E37C23}.Release|Any CPU.Build.0 = Release|Any CPU
		{2EE99352-9664-4912-A65A-B1780B89A2DB}.Debug|Any CPU.ActiveCfg = Debug|Any CPU
		{2EE99352-9664-4912-A65A-B1780B89A2DB}.Debug|Any CPU.Build.0 = Debug|Any CPU
		{2EE99352-9664-4912-A65A-B1780B89A2DB}.Release|Any CPU.ActiveCfg = Release|Any CPU
		{2EE99352-9664-4912-A65A-B1780B89A2DB}.Release|Any CPU.Build.0 = Release|Any CPU
		{07369C9D-9BA4-4419-A3A4-3B9E11654ADA}.Debug|Any CPU.ActiveCfg = Debug|Any CPU
		{07369C9D-9BA4-4419-A3A4-3B9E11654ADA}.Debug|Any CPU.Build.0 = Debug|Any CPU
		{07369C9D-9BA4-4419-A3A4-3B9E11654ADA}.Release|Any CPU.ActiveCfg = Release|Any CPU
		{07369C9D-9BA4-4419-A3A4-3B9E11654ADA}.Release|Any CPU.Build.0 = Release|Any CPU
	EndGlobalSection
	GlobalSection(SolutionProperties) = preSolution
		HideSolutionNode = FALSE
	EndGlobalSection
	GlobalSection(ExtensibilityGlobals) = postSolution
		SolutionGuid = {E0A21095-E881-4609-91A8-F0E55FFFB2EF}
	EndGlobalSection
EndGlobal
